// !$*UTF8*$!
{
	archiveVersion = 1;
	classes = {
	};
	objectVersion = 56;
	objects = {

/* Begin PBXBuildFile section */
		AD1D53092B23223800BAC82B /* AppDelegate.swift in Sources */ = {isa = PBXBuildFile; fileRef = AD1D53082B23223800BAC82B /* AppDelegate.swift */; };
		AD1D530D2B23223800BAC82B /* WeatherViewController.swift in Sources */ = {isa = PBXBuildFile; fileRef = AD1D530C2B23223800BAC82B /* WeatherViewController.swift */; };
		AD1D53122B23224000BAC82B /* Assets.xcassets in Resources */ = {isa = PBXBuildFile; fileRef = AD1D53112B23224000BAC82B /* Assets.xcassets */; };
		AD1D53152B23224000BAC82B /* LaunchScreen.storyboard in Resources */ = {isa = PBXBuildFile; fileRef = AD1D53132B23224000BAC82B /* LaunchScreen.storyboard */; };
		AD1D53212B2323B900BAC82B /* AppCoordinator.swift in Sources */ = {isa = PBXBuildFile; fileRef = AD1D53202B2323B900BAC82B /* AppCoordinator.swift */; };
		AD1D53232B2323D300BAC82B /* BaseViewController.swift in Sources */ = {isa = PBXBuildFile; fileRef = AD1D53222B2323D300BAC82B /* BaseViewController.swift */; };
		AD1D53252B2323DD00BAC82B /* Coordinator.swift in Sources */ = {isa = PBXBuildFile; fileRef = AD1D53242B2323DD00BAC82B /* Coordinator.swift */; };
		AD1D532F2B2324B800BAC82B /* WeatherCoordinator.swift in Sources */ = {isa = PBXBuildFile; fileRef = AD1D532E2B2324B800BAC82B /* WeatherCoordinator.swift */; };
		AD1D53312B2324C700BAC82B /* WeatherViewModel.swift in Sources */ = {isa = PBXBuildFile; fileRef = AD1D53302B2324C700BAC82B /* WeatherViewModel.swift */; };
		AD1D53332B2324D300BAC82B /* WeatherViewControllerPinners.swift in Sources */ = {isa = PBXBuildFile; fileRef = AD1D53322B2324D300BAC82B /* WeatherViewControllerPinners.swift */; };
		AD1D53372B23263E00BAC82B /* InterfaceBuilder.swift in Sources */ = {isa = PBXBuildFile; fileRef = AD1D53362B23263E00BAC82B /* InterfaceBuilder.swift */; };
		AD1D53392B23264B00BAC82B /* Bindable.swift in Sources */ = {isa = PBXBuildFile; fileRef = AD1D53382B23264B00BAC82B /* Bindable.swift */; };
		AD1D533B2B23265C00BAC82B /* WeatherModel.swift in Sources */ = {isa = PBXBuildFile; fileRef = AD1D533A2B23265C00BAC82B /* WeatherModel.swift */; };
		AD1D533D2B23267400BAC82B /* Typealias + Enum.swift in Sources */ = {isa = PBXBuildFile; fileRef = AD1D533C2B23267400BAC82B /* Typealias + Enum.swift */; };
		AD1D533F2B23267E00BAC82B /* WeatherAPI.swift in Sources */ = {isa = PBXBuildFile; fileRef = AD1D533E2B23267E00BAC82B /* WeatherAPI.swift */; };
		AD1D53432B2327C800BAC82B /* MainTabBarCoordinator.swift in Sources */ = {isa = PBXBuildFile; fileRef = AD1D53422B2327C800BAC82B /* MainTabBarCoordinator.swift */; };
		AD1D53452B232FDD00BAC82B /* String + Extension.swift in Sources */ = {isa = PBXBuildFile; fileRef = AD1D53442B232FDD00BAC82B /* String + Extension.swift */; };
		AD1D53472B23345800BAC82B /* UIView + Extension.swift in Sources */ = {isa = PBXBuildFile; fileRef = AD1D53462B23345800BAC82B /* UIView + Extension.swift */; };
/* End PBXBuildFile section */

/* Begin PBXFileReference section */
		AD1D53052B23223800BAC82B /* OpenWeatherApp.app */ = {isa = PBXFileReference; explicitFileType = wrapper.application; includeInIndex = 0; path = OpenWeatherApp.app; sourceTree = BUILT_PRODUCTS_DIR; };
		AD1D53082B23223800BAC82B /* AppDelegate.swift */ = {isa = PBXFileReference; lastKnownFileType = sourcecode.swift; path = AppDelegate.swift; sourceTree = "<group>"; };
		AD1D530C2B23223800BAC82B /* WeatherViewController.swift */ = {isa = PBXFileReference; lastKnownFileType = sourcecode.swift; path = WeatherViewController.swift; sourceTree = "<group>"; };
		AD1D53112B23224000BAC82B /* Assets.xcassets */ = {isa = PBXFileReference; lastKnownFileType = folder.assetcatalog; path = Assets.xcassets; sourceTree = "<group>"; };
		AD1D53142B23224000BAC82B /* Base */ = {isa = PBXFileReference; lastKnownFileType = file.storyboard; name = Base; path = Base.lproj/LaunchScreen.storyboard; sourceTree = "<group>"; };
		AD1D53162B23224000BAC82B /* Info.plist */ = {isa = PBXFileReference; lastKnownFileType = text.plist.xml; path = Info.plist; sourceTree = "<group>"; };
		AD1D53202B2323B900BAC82B /* AppCoordinator.swift */ = {isa = PBXFileReference; lastKnownFileType = sourcecode.swift; path = AppCoordinator.swift; sourceTree = "<group>"; };
		AD1D53222B2323D300BAC82B /* BaseViewController.swift */ = {isa = PBXFileReference; lastKnownFileType = sourcecode.swift; path = BaseViewController.swift; sourceTree = "<group>"; };
		AD1D53242B2323DD00BAC82B /* Coordinator.swift */ = {isa = PBXFileReference; lastKnownFileType = sourcecode.swift; path = Coordinator.swift; sourceTree = "<group>"; };
		AD1D532E2B2324B800BAC82B /* WeatherCoordinator.swift */ = {isa = PBXFileReference; lastKnownFileType = sourcecode.swift; path = WeatherCoordinator.swift; sourceTree = "<group>"; };
		AD1D53302B2324C700BAC82B /* WeatherViewModel.swift */ = {isa = PBXFileReference; lastKnownFileType = sourcecode.swift; path = WeatherViewModel.swift; sourceTree = "<group>"; };
		AD1D53322B2324D300BAC82B /* WeatherViewControllerPinners.swift */ = {isa = PBXFileReference; lastKnownFileType = sourcecode.swift; path = WeatherViewControllerPinners.swift; sourceTree = "<group>"; };
		AD1D53362B23263E00BAC82B /* InterfaceBuilder.swift */ = {isa = PBXFileReference; lastKnownFileType = sourcecode.swift; path = InterfaceBuilder.swift; sourceTree = "<group>"; };
		AD1D53382B23264B00BAC82B /* Bindable.swift */ = {isa = PBXFileReference; lastKnownFileType = sourcecode.swift; path = Bindable.swift; sourceTree = "<group>"; };
		AD1D533A2B23265C00BAC82B /* WeatherModel.swift */ = {isa = PBXFileReference; lastKnownFileType = sourcecode.swift; path = WeatherModel.swift; sourceTree = "<group>"; };
		AD1D533C2B23267400BAC82B /* Typealias + Enum.swift */ = {isa = PBXFileReference; lastKnownFileType = sourcecode.swift; path = "Typealias + Enum.swift"; sourceTree = "<group>"; };
		AD1D533E2B23267E00BAC82B /* WeatherAPI.swift */ = {isa = PBXFileReference; lastKnownFileType = sourcecode.swift; path = WeatherAPI.swift; sourceTree = "<group>"; };
		AD1D53422B2327C800BAC82B /* MainTabBarCoordinator.swift */ = {isa = PBXFileReference; lastKnownFileType = sourcecode.swift; path = MainTabBarCoordinator.swift; sourceTree = "<group>"; };
		AD1D53442B232FDD00BAC82B /* String + Extension.swift */ = {isa = PBXFileReference; lastKnownFileType = sourcecode.swift; path = "String + Extension.swift"; sourceTree = "<group>"; };
		AD1D53462B23345800BAC82B /* UIView + Extension.swift */ = {isa = PBXFileReference; lastKnownFileType = sourcecode.swift; path = "UIView + Extension.swift"; sourceTree = "<group>"; };
/* End PBXFileReference section */

/* Begin PBXFrameworksBuildPhase section */
		AD1D53022B23223800BAC82B /* Frameworks */ = {
			isa = PBXFrameworksBuildPhase;
			buildActionMask = 2147483647;
			files = (
			);
			runOnlyForDeploymentPostprocessing = 0;
		};
/* End PBXFrameworksBuildPhase section */

/* Begin PBXGroup section */
		AD1D52FC2B23223700BAC82B = {
			isa = PBXGroup;
			children = (
				AD1D53072B23223800BAC82B /* OpenWeatherApp */,
				AD1D53062B23223800BAC82B /* Products */,
			);
			sourceTree = "<group>";
		};
		AD1D53062B23223800BAC82B /* Products */ = {
			isa = PBXGroup;
			children = (
				AD1D53052B23223800BAC82B /* OpenWeatherApp.app */,
			);
			name = Products;
			sourceTree = "<group>";
		};
		AD1D53072B23223800BAC82B /* OpenWeatherApp */ = {
			isa = PBXGroup;
			children = (
				AD1D531D2B23237E00BAC82B /* Core */,
				AD1D53262B2323E500BAC82B /* Managers */,
				AD1D53402B23277F00BAC82B /* Modules */,
				AD1D53352B2324F100BAC82B /* Extensions */,
				AD1D53342B2324E600BAC82B /* Resources */,
				AD1D53132B23224000BAC82B /* LaunchScreen.storyboard */,
				AD1D53162B23224000BAC82B /* Info.plist */,
			);
			path = OpenWeatherApp;
			sourceTree = "<group>";
		};
		AD1D531D2B23237E00BAC82B /* Core */ = {
			isa = PBXGroup;
			children = (
				AD1D53202B2323B900BAC82B /* AppCoordinator.swift */,
				AD1D531E2B23238A00BAC82B /* Delegates */,
				AD1D531F2B2323A200BAC82B /* Protocols */,
			);
			path = Core;
			sourceTree = "<group>";
		};
		AD1D531E2B23238A00BAC82B /* Delegates */ = {
			isa = PBXGroup;
			children = (
				AD1D53082B23223800BAC82B /* AppDelegate.swift */,
			);
			path = Delegates;
			sourceTree = "<group>";
		};
		AD1D531F2B2323A200BAC82B /* Protocols */ = {
			isa = PBXGroup;
			children = (
				AD1D53222B2323D300BAC82B /* BaseViewController.swift */,
				AD1D53242B2323DD00BAC82B /* Coordinator.swift */,
			);
			path = Protocols;
			sourceTree = "<group>";
		};
		AD1D53262B2323E500BAC82B /* Managers */ = {
			isa = PBXGroup;
			children = (
				AD1D53292B23240200BAC82B /* Models */,
				AD1D53282B2323F400BAC82B /* InterfaceBuilder */,
				AD1D53272B2323EC00BAC82B /* APIs */,
			);
			path = Managers;
			sourceTree = "<group>";
		};
		AD1D53272B2323EC00BAC82B /* APIs */ = {
			isa = PBXGroup;
			children = (
				AD1D533E2B23267E00BAC82B /* WeatherAPI.swift */,
			);
			path = APIs;
			sourceTree = "<group>";
		};
		AD1D53282B2323F400BAC82B /* InterfaceBuilder */ = {
			isa = PBXGroup;
			children = (
				AD1D53362B23263E00BAC82B /* InterfaceBuilder.swift */,
			);
			path = InterfaceBuilder;
			sourceTree = "<group>";
		};
		AD1D53292B23240200BAC82B /* Models */ = {
			isa = PBXGroup;
			children = (
				AD1D532A2B23240A00BAC82B /* Bindable */,
				AD1D533A2B23265C00BAC82B /* WeatherModel.swift */,
				AD1D533C2B23267400BAC82B /* Typealias + Enum.swift */,
			);
			path = Models;
			sourceTree = "<group>";
		};
		AD1D532A2B23240A00BAC82B /* Bindable */ = {
			isa = PBXGroup;
			children = (
				AD1D53382B23264B00BAC82B /* Bindable.swift */,
			);
			path = Bindable;
			sourceTree = "<group>";
		};
		AD1D532B2B23241D00BAC82B /* Flows */ = {
			isa = PBXGroup;
			children = (
				AD1D532C2B23242400BAC82B /* WeatherFlow */,
			);
			path = Flows;
			sourceTree = "<group>";
		};
		AD1D532C2B23242400BAC82B /* WeatherFlow */ = {
			isa = PBXGroup;
			children = (
				AD1D532E2B2324B800BAC82B /* WeatherCoordinator.swift */,
				AD1D53302B2324C700BAC82B /* WeatherViewModel.swift */,
				AD1D532D2B2324A400BAC82B /* WeatherView */,
			);
			path = WeatherFlow;
			sourceTree = "<group>";
		};
		AD1D532D2B2324A400BAC82B /* WeatherView */ = {
			isa = PBXGroup;
			children = (
				AD1D530C2B23223800BAC82B /* WeatherViewController.swift */,
				AD1D53322B2324D300BAC82B /* WeatherViewControllerPinners.swift */,
			);
			path = WeatherView;
			sourceTree = "<group>";
		};
		AD1D53342B2324E600BAC82B /* Resources */ = {
			isa = PBXGroup;
			children = (
				AD1D53112B23224000BAC82B /* Assets.xcassets */,
			);
			path = Resources;
			sourceTree = "<group>";
		};
		AD1D53352B2324F100BAC82B /* Extensions */ = {
			isa = PBXGroup;
			children = (
				AD1D53442B232FDD00BAC82B /* String + Extension.swift */,
				AD1D53462B23345800BAC82B /* UIView + Extension.swift */,
			);
			path = Extensions;
			sourceTree = "<group>";
		};
		AD1D53402B23277F00BAC82B /* Modules */ = {
			isa = PBXGroup;
			children = (
				AD1D53412B23278800BAC82B /* MainTabBarCoordinator */,
				AD1D532B2B23241D00BAC82B /* Flows */,
			);
			path = Modules;
			sourceTree = "<group>";
		};
		AD1D53412B23278800BAC82B /* MainTabBarCoordinator */ = {
			isa = PBXGroup;
			children = (
				AD1D53422B2327C800BAC82B /* MainTabBarCoordinator.swift */,
			);
			path = MainTabBarCoordinator;
			sourceTree = "<group>";
		};
/* End PBXGroup section */

/* Begin PBXNativeTarget section */
		AD1D53042B23223800BAC82B /* OpenWeatherApp */ = {
			isa = PBXNativeTarget;
			buildConfigurationList = AD1D53192B23224000BAC82B /* Build configuration list for PBXNativeTarget "OpenWeatherApp" */;
			buildPhases = (
				AD1D53012B23223800BAC82B /* Sources */,
				AD1D53022B23223800BAC82B /* Frameworks */,
				AD1D53032B23223800BAC82B /* Resources */,
			);
			buildRules = (
			);
			dependencies = (
			);
			name = OpenWeatherApp;
			productName = OpenWeatherApp;
			productReference = AD1D53052B23223800BAC82B /* OpenWeatherApp.app */;
			productType = "com.apple.product-type.application";
		};
/* End PBXNativeTarget section */

/* Begin PBXProject section */
		AD1D52FD2B23223700BAC82B /* Project object */ = {
			isa = PBXProject;
			attributes = {
				BuildIndependentTargetsInParallel = 1;
				LastSwiftUpdateCheck = 1500;
				LastUpgradeCheck = 1500;
				TargetAttributes = {
					AD1D53042B23223800BAC82B = {
						CreatedOnToolsVersion = 15.0;
					};
				};
			};
			buildConfigurationList = AD1D53002B23223700BAC82B /* Build configuration list for PBXProject "OpenWeatherApp" */;
			compatibilityVersion = "Xcode 14.0";
			developmentRegion = en;
			hasScannedForEncodings = 0;
			knownRegions = (
				en,
				Base,
			);
			mainGroup = AD1D52FC2B23223700BAC82B;
			productRefGroup = AD1D53062B23223800BAC82B /* Products */;
			projectDirPath = "";
			projectRoot = "";
			targets = (
				AD1D53042B23223800BAC82B /* OpenWeatherApp */,
			);
		};
/* End PBXProject section */

/* Begin PBXResourcesBuildPhase section */
		AD1D53032B23223800BAC82B /* Resources */ = {
			isa = PBXResourcesBuildPhase;
			buildActionMask = 2147483647;
			files = (
				AD1D53152B23224000BAC82B /* LaunchScreen.storyboard in Resources */,
				AD1D53122B23224000BAC82B /* Assets.xcassets in Resources */,
			);
			runOnlyForDeploymentPostprocessing = 0;
		};
/* End PBXResourcesBuildPhase section */

/* Begin PBXSourcesBuildPhase section */
		AD1D53012B23223800BAC82B /* Sources */ = {
			isa = PBXSourcesBuildPhase;
			buildActionMask = 2147483647;
			files = (
				AD1D53392B23264B00BAC82B /* Bindable.swift in Sources */,
				AD1D533D2B23267400BAC82B /* Typealias + Enum.swift in Sources */,
				AD1D53452B232FDD00BAC82B /* String + Extension.swift in Sources */,
				AD1D53212B2323B900BAC82B /* AppCoordinator.swift in Sources */,
				AD1D53472B23345800BAC82B /* UIView + Extension.swift in Sources */,
				AD1D53232B2323D300BAC82B /* BaseViewController.swift in Sources */,
				AD1D53252B2323DD00BAC82B /* Coordinator.swift in Sources */,
				AD1D53312B2324C700BAC82B /* WeatherViewModel.swift in Sources */,
				AD1D530D2B23223800BAC82B /* WeatherViewController.swift in Sources */,
				AD1D53092B23223800BAC82B /* AppDelegate.swift in Sources */,
				AD1D532F2B2324B800BAC82B /* WeatherCoordinator.swift in Sources */,
				AD1D53432B2327C800BAC82B /* MainTabBarCoordinator.swift in Sources */,
				AD1D53372B23263E00BAC82B /* InterfaceBuilder.swift in Sources */,
				AD1D533F2B23267E00BAC82B /* WeatherAPI.swift in Sources */,
				AD1D53332B2324D300BAC82B /* WeatherViewControllerPinners.swift in Sources */,
				AD1D533B2B23265C00BAC82B /* WeatherModel.swift in Sources */,
			);
			runOnlyForDeploymentPostprocessing = 0;
		};
/* End PBXSourcesBuildPhase section */

/* Begin PBXVariantGroup section */
		AD1D53132B23224000BAC82B /* LaunchScreen.storyboard */ = {
			isa = PBXVariantGroup;
			children = (
				AD1D53142B23224000BAC82B /* Base */,
			);
			name = LaunchScreen.storyboard;
			sourceTree = "<group>";
		};
/* End PBXVariantGroup section */

/* Begin XCBuildConfiguration section */
		AD1D53172B23224000BAC82B /* Debug */ = {
			isa = XCBuildConfiguration;
			buildSettings = {
				ALWAYS_SEARCH_USER_PATHS = NO;
				ASSETCATALOG_COMPILER_GENERATE_SWIFT_ASSET_SYMBOL_EXTENSIONS = YES;
				CLANG_ANALYZER_LOCALIZABILITY_NONLOCALIZED = YES;
				CLANG_ANALYZER_NONNULL = YES;
				CLANG_ANALYZER_NUMBER_OBJECT_CONVERSION = YES_AGGRESSIVE;
				CLANG_CXX_LANGUAGE_STANDARD = "gnu++20";
				CLANG_ENABLE_MODULES = YES;
				CLANG_ENABLE_OBJC_ARC = YES;
				CLANG_ENABLE_OBJC_WEAK = YES;
				CLANG_WARN_BLOCK_CAPTURE_AUTORELEASING = YES;
				CLANG_WARN_BOOL_CONVERSION = YES;
				CLANG_WARN_COMMA = YES;
				CLANG_WARN_CONSTANT_CONVERSION = YES;
				CLANG_WARN_DEPRECATED_OBJC_IMPLEMENTATIONS = YES;
				CLANG_WARN_DIRECT_OBJC_ISA_USAGE = YES_ERROR;
				CLANG_WARN_DOCUMENTATION_COMMENTS = YES;
				CLANG_WARN_EMPTY_BODY = YES;
				CLANG_WARN_ENUM_CONVERSION = YES;
				CLANG_WARN_INFINITE_RECURSION = YES;
				CLANG_WARN_INT_CONVERSION = YES;
				CLANG_WARN_NON_LITERAL_NULL_CONVERSION = YES;
				CLANG_WARN_OBJC_IMPLICIT_RETAIN_SELF = YES;
				CLANG_WARN_OBJC_LITERAL_CONVERSION = YES;
				CLANG_WARN_OBJC_ROOT_CLASS = YES_ERROR;
				CLANG_WARN_QUOTED_INCLUDE_IN_FRAMEWORK_HEADER = YES;
				CLANG_WARN_RANGE_LOOP_ANALYSIS = YES;
				CLANG_WARN_STRICT_PROTOTYPES = YES;
				CLANG_WARN_SUSPICIOUS_MOVE = YES;
				CLANG_WARN_UNGUARDED_AVAILABILITY = YES_AGGRESSIVE;
				CLANG_WARN_UNREACHABLE_CODE = YES;
				CLANG_WARN__DUPLICATE_METHOD_MATCH = YES;
				COPY_PHASE_STRIP = NO;
				DEBUG_INFORMATION_FORMAT = dwarf;
				ENABLE_STRICT_OBJC_MSGSEND = YES;
				ENABLE_TESTABILITY = YES;
				ENABLE_USER_SCRIPT_SANDBOXING = YES;
				GCC_C_LANGUAGE_STANDARD = gnu17;
				GCC_DYNAMIC_NO_PIC = NO;
				GCC_NO_COMMON_BLOCKS = YES;
				GCC_OPTIMIZATION_LEVEL = 0;
				GCC_PREPROCESSOR_DEFINITIONS = (
					"DEBUG=1",
					"$(inherited)",
				);
				GCC_WARN_64_TO_32_BIT_CONVERSION = YES;
				GCC_WARN_ABOUT_RETURN_TYPE = YES_ERROR;
				GCC_WARN_UNDECLARED_SELECTOR = YES;
				GCC_WARN_UNINITIALIZED_AUTOS = YES_AGGRESSIVE;
				GCC_WARN_UNUSED_FUNCTION = YES;
				GCC_WARN_UNUSED_VARIABLE = YES;
				IPHONEOS_DEPLOYMENT_TARGET = 17.0;
				LOCALIZATION_PREFERS_STRING_CATALOGS = YES;
				MTL_ENABLE_DEBUG_INFO = INCLUDE_SOURCE;
				MTL_FAST_MATH = YES;
				ONLY_ACTIVE_ARCH = YES;
				SDKROOT = iphoneos;
				SWIFT_ACTIVE_COMPILATION_CONDITIONS = "DEBUG $(inherited)";
				SWIFT_OPTIMIZATION_LEVEL = "-Onone";
			};
			name = Debug;
		};
		AD1D53182B23224000BAC82B /* Release */ = {
			isa = XCBuildConfiguration;
			buildSettings = {
				ALWAYS_SEARCH_USER_PATHS = NO;
				ASSETCATALOG_COMPILER_GENERATE_SWIFT_ASSET_SYMBOL_EXTENSIONS = YES;
				CLANG_ANALYZER_LOCALIZABILITY_NONLOCALIZED = YES;
				CLANG_ANALYZER_NONNULL = YES;
				CLANG_ANALYZER_NUMBER_OBJECT_CONVERSION = YES_AGGRESSIVE;
				CLANG_CXX_LANGUAGE_STANDARD = "gnu++20";
				CLANG_ENABLE_MODULES = YES;
				CLANG_ENABLE_OBJC_ARC = YES;
				CLANG_ENABLE_OBJC_WEAK = YES;
				CLANG_WARN_BLOCK_CAPTURE_AUTORELEASING = YES;
				CLANG_WARN_BOOL_CONVERSION = YES;
				CLANG_WARN_COMMA = YES;
				CLANG_WARN_CONSTANT_CONVERSION = YES;
				CLANG_WARN_DEPRECATED_OBJC_IMPLEMENTATIONS = YES;
				CLANG_WARN_DIRECT_OBJC_ISA_USAGE = YES_ERROR;
				CLANG_WARN_DOCUMENTATION_COMMENTS = YES;
				CLANG_WARN_EMPTY_BODY = YES;
				CLANG_WARN_ENUM_CONVERSION = YES;
				CLANG_WARN_INFINITE_RECURSION = YES;
				CLANG_WARN_INT_CONVERSION = YES;
				CLANG_WARN_NON_LITERAL_NULL_CONVERSION = YES;
				CLANG_WARN_OBJC_IMPLICIT_RETAIN_SELF = YES;
				CLANG_WARN_OBJC_LITERAL_CONVERSION = YES;
				CLANG_WARN_OBJC_ROOT_CLASS = YES_ERROR;
				CLANG_WARN_QUOTED_INCLUDE_IN_FRAMEWORK_HEADER = YES;
				CLANG_WARN_RANGE_LOOP_ANALYSIS = YES;
				CLANG_WARN_STRICT_PROTOTYPES = YES;
				CLANG_WARN_SUSPICIOUS_MOVE = YES;
				CLANG_WARN_UNGUARDED_AVAILABILITY = YES_AGGRESSIVE;
				CLANG_WARN_UNREACHABLE_CODE = YES;
				CLANG_WARN__DUPLICATE_METHOD_MATCH = YES;
				COPY_PHASE_STRIP = NO;
				DEBUG_INFORMATION_FORMAT = "dwarf-with-dsym";
				ENABLE_NS_ASSERTIONS = NO;
				ENABLE_STRICT_OBJC_MSGSEND = YES;
				ENABLE_USER_SCRIPT_SANDBOXING = YES;
				GCC_C_LANGUAGE_STANDARD = gnu17;
				GCC_NO_COMMON_BLOCKS = YES;
				GCC_WARN_64_TO_32_BIT_CONVERSION = YES;
				GCC_WARN_ABOUT_RETURN_TYPE = YES_ERROR;
				GCC_WARN_UNDECLARED_SELECTOR = YES;
				GCC_WARN_UNINITIALIZED_AUTOS = YES_AGGRESSIVE;
				GCC_WARN_UNUSED_FUNCTION = YES;
				GCC_WARN_UNUSED_VARIABLE = YES;
				IPHONEOS_DEPLOYMENT_TARGET = 17.0;
				LOCALIZATION_PREFERS_STRING_CATALOGS = YES;
				MTL_ENABLE_DEBUG_INFO = NO;
				MTL_FAST_MATH = YES;
				SDKROOT = iphoneos;
				SWIFT_COMPILATION_MODE = wholemodule;
				VALIDATE_PRODUCT = YES;
			};
			name = Release;
		};
		AD1D531A2B23224000BAC82B /* Debug */ = {
			isa = XCBuildConfiguration;
			buildSettings = {
				ASSETCATALOG_COMPILER_APPICON_NAME = AppIcon;
				ASSETCATALOG_COMPILER_GLOBAL_ACCENT_COLOR_NAME = AccentColor;
				CODE_SIGN_STYLE = Automatic;
				CURRENT_PROJECT_VERSION = 1;
				DEVELOPMENT_TEAM = BRUHN3JJ9Z;
				GENERATE_INFOPLIST_FILE = YES;
				INFOPLIST_FILE = OpenWeatherApp/Info.plist;
				INFOPLIST_KEY_UIApplicationSupportsIndirectInputEvents = YES;
				INFOPLIST_KEY_UILaunchStoryboardName = LaunchScreen;
				INFOPLIST_KEY_UISupportedInterfaceOrientations = UIInterfaceOrientationPortrait;
				IPHONEOS_DEPLOYMENT_TARGET = 15.0;
				LD_RUNPATH_SEARCH_PATHS = (
					"$(inherited)",
					"@executable_path/Frameworks",
				);
				MARKETING_VERSION = 1.0;
				PRODUCT_BUNDLE_IDENTIFIER = com.OpenWeatherAppp;
				PRODUCT_NAME = "$(TARGET_NAME)";
				SWIFT_EMIT_LOC_STRINGS = YES;
				SWIFT_VERSION = 5.0;
				TARGETED_DEVICE_FAMILY = "1,2";
			};
			name = Debug;
		};
		AD1D531B2B23224000BAC82B /* Release */ = {
			isa = XCBuildConfiguration;
			buildSettings = {
				ASSETCATALOG_COMPILER_APPICON_NAME = AppIcon;
				ASSETCATALOG_COMPILER_GLOBAL_ACCENT_COLOR_NAME = AccentColor;
				CODE_SIGN_STYLE = Automatic;
				CURRENT_PROJECT_VERSION = 1;
				DEVELOPMENT_TEAM = BRUHN3JJ9Z;
				GENERATE_INFOPLIST_FILE = YES;
				INFOPLIST_FILE = OpenWeatherApp/Info.plist;
				INFOPLIST_KEY_UIApplicationSupportsIndirectInputEvents = YES;
				INFOPLIST_KEY_UILaunchStoryboardName = LaunchScreen;
				INFOPLIST_KEY_UISupportedInterfaceOrientations = UIInterfaceOrientationPortrait;
				IPHONEOS_DEPLOYMENT_TARGET = 15.0;
				LD_RUNPATH_SEARCH_PATHS = (
					"$(inherited)",
					"@executable_path/Frameworks",
				);
				MARKETING_VERSION = 1.0;
				PRODUCT_BUNDLE_IDENTIFIER = com.OpenWeatherAppp;
				PRODUCT_NAME = "$(TARGET_NAME)";
				SWIFT_EMIT_LOC_STRINGS = YES;
				SWIFT_VERSION = 5.0;
				TARGETED_DEVICE_FAMILY = "1,2";
			};
			name = Release;
		};
/* End XCBuildConfiguration section */

/* Begin XCConfigurationList section */
		AD1D53002B23223700BAC82B /* Build configuration list for PBXProject "OpenWeatherApp" */ = {
			isa = XCConfigurationList;
			buildConfigurations = (
				AD1D53172B23224000BAC82B /* Debug */,
				AD1D53182B23224000BAC82B /* Release */,
			);
			defaultConfigurationIsVisible = 0;
			defaultConfigurationName = Release;
		};
		AD1D53192B23224000BAC82B /* Build configuration list for PBXNativeTarget "OpenWeatherApp" */ = {
			isa = XCConfigurationList;
			buildConfigurations = (
				AD1D531A2B23224000BAC82B /* Debug */,
				AD1D531B2B23224000BAC82B /* Release */,
			);
			defaultConfigurationIsVisible = 0;
			defaultConfigurationName = Release;
		};
/* End XCConfigurationList section */
	};
	rootObject = AD1D52FD2B23223700BAC82B /* Project object */;
}
